
Microsoft Visual Studio Solution File, Format Version 12.00
# Visual Studio Version 17
VisualStudioVersion = 17.5.33516.290
MinimumVisualStudioVersion = 10.0.40219.1
Project("{FAE04EC0-301F-11D3-BF4B-00C04F79EFBC}") = "Employees_ObjectApproach", "Employees_ObjectApproach\Employees_ObjectApproach.csproj", "{91A040A7-4C1A-4A6D-996A-1C5FD3182813}"
EndProject
Global
	GlobalSection(SolutionConfigurationPlatforms) = preSolution
		Debug|Any CPU = Debug|Any CPU
		Release|Any CPU = Release|Any CPU
	EndGlobalSection
	GlobalSection(ProjectConfigurationPlatforms) = postSolution
		{91A040A7-4C1A-4A6D-996A-1C5FD3182813}.Debug|Any CPU.ActiveCfg = Debug|Any CPU
		{91A040A7-4C1A-4A6D-996A-1C5FD3182813}.Debug|Any CPU.Build.0 = Debug|Any CPU
		{91A040A7-4C1A-4A6D-996A-1C5FD3182813}.Release|Any CPU.ActiveCfg = Release|Any CPU
		{91A040A7-4C1A-4A6D-996A-1C5FD3182813}.Release|Any CPU.Build.0 = Release|Any CPU
	EndGlobalSection
	GlobalSection(SolutionProperties) = preSolution
		HideSolutionNode = FALSE
	EndGlobalSection
	GlobalSection(ExtensibilityGlobals) = postSolution
		SolutionGuid = {84697856-E7A8-4512-82CF-2D7D713E274C}
	EndGlobalSection
EndGlobal
